
Microsoft Visual Studio Solution File, Format Version 12.00
# Visual Studio Version 16
VisualStudioVersion = 16.0.28729.10
MinimumVisualStudioVersion = 10.0.40219.1
Project("{FAE04EC0-301F-11D3-BF4B-00C04F79EFBC}") = "FileStructureChecker", "FileStructureChecker\FileStructureChecker.csproj", "{75F41574-B45D-499F-983F-40D994D1F3E0}"
EndProject
Global
	GlobalSection(SolutionConfigurationPlatforms) = preSolution
		Debug|Any CPU = Debug|Any CPU
		Release|Any CPU = Release|Any CPU
	EndGlobalSection
	GlobalSection(ProjectConfigurationPlatforms) = postSolution
		{75F41574-B45D-499F-983F-40D994D1F3E0}.Debug|Any CPU.ActiveCfg = Debug|Any CPU
		{75F41574-B45D-499F-983F-40D994D1F3E0}.Debug|Any CPU.Build.0 = Debug|Any CPU
		{75F41574-B45D-499F-983F-40D994D1F3E0}.Release|Any CPU.ActiveCfg = Release|Any CPU
		{75F41574-B45D-499F-983F-40D994D1F3E0}.Release|Any CPU.Build.0 = Release|Any CPU
	EndGlobalSection
	GlobalSection(SolutionProperties) = preSolution
		HideSolutionNode = FALSE
	EndGlobalSection
	GlobalSection(ExtensibilityGlobals) = postSolution
		SolutionGuid = {1A722605-5BF7-47F6-BE95-74C637C90B79}
	EndGlobalSection
EndGlobal
